
Microsoft Visual Studio Solution File, Format Version 12.00
# Visual Studio Version 17
VisualStudioVersion = 17.5.002.0
MinimumVisualStudioVersion = 10.0.40219.1
Project("{9A19103F-16F7-4668-BE54-9A1E7A4F7556}") = "dotnet-8-auth", "dotnet-8-auth\dotnet-8-auth.csproj", "{5E131524-B13D-4B43-9C56-D18B427E434E}"
EndProject
Global
	GlobalSection(SolutionConfigurationPlatforms) = preSolution
		Debug|Any CPU = Debug|Any CPU
		Release|Any CPU = Release|Any CPU
	EndGlobalSection
	GlobalSection(ProjectConfigurationPlatforms) = postSolution
		{5E131524-B13D-4B43-9C56-D18B427E434E}.Debug|Any CPU.ActiveCfg = Debug|Any CPU
		{5E131524-B13D-4B43-9C56-D18B427E434E}.Debug|Any CPU.Build.0 = Debug|Any CPU
		{5E131524-B13D-4B43-9C56-D18B427E434E}.Release|Any CPU.ActiveCfg = Release|Any CPU
		{5E131524-B13D-4B43-9C56-D18B427E434E}.Release|Any CPU.Build.0 = Release|Any CPU
	EndGlobalSection
	GlobalSection(SolutionProperties) = preSolution
		HideSolutionNode = FALSE
	EndGlobalSection
	GlobalSection(ExtensibilityGlobals) = postSolution
		SolutionGuid = {B173CDD8-9FF8-4B30-8031-0DE471415042}
	EndGlobalSection
EndGlobal
